# @generated - this file is auto-generated by `mise lock` https://mise.en.dev/dev-tools/mise-lock.html

[[tools.biome]]
version = "2.5.4"
backend = "aqua:biomejs/biome"

[tools.biome."platforms.linux-arm64"]
checksum = "sha256:698199017fc0b0c865d9a0ca2074102eb1fd0b358fd164595f3960b004fe4b90"
url = "https://github.com/biomejs/biome/releases/download/%40biomejs/biome%402.5.4/biome-linux-arm64"
provenance = "github-attestations"

[tools.biome."platforms.linux-arm64-musl"]
checksum = "sha256:49c602aded99121c5c7f4ff227eca3b359d86931fbffba8c270067043a9873cf"
url = "https://github.com/biomejs/biome/releases/download/%40biomejs/biome%402.5.4/biome-linux-arm64-musl"
provenance = "github-attestations"

[tools.biome."platforms.linux-x64"]
checksum = "sha256:4cd66b4a2953197e0e169f24b8a6e5f0fc42b3e852c3f58e562866244f3e11db"
url = "https://github.com/biomejs/biome/releases/download/%40biomejs/biome%402.5.4/biome-linux-x64"
provenance = "github-attestations"

[tools.biome."platforms.linux-x64-musl"]
checksum = "sha256:e5601b0963d66cb24e1bcc975189ea0acd17b59815e8d48a2da88817f8b7652b"
url = "https://github.com/biomejs/biome/releases/download/%40biomejs/biome%402.5.4/biome-linux-x64-musl"
provenance = "github-attestations"

[tools.biome."platforms.macos-arm64"]
checksum = "sha256:1250bb41a0409cf6c3133fc47819237eb61251624297f87158d2bed3ec123c3c"
url = "https://github.com/biomejs/biome/releases/download/%40biomejs/biome%402.5.4/biome-darwin-arm64"
provenance = "github-attestations"

[tools.biome."platforms.macos-x64"]
checksum = "sha256:b3dfae5422dbd86272bb8ed40afec66670ea7754531d8fbcbae7e445e5430387"
url = "https://github.com/biomejs/biome/releases/download/%40biomejs/biome%402.5.4/biome-darwin-x64"
provenance = "github-attestations"

[tools.biome."platforms.windows-x64"]
checksum = "sha256:49d1ef3925d31b2f08c00b76786621bf4603fdb4c3bfeff1aa2cd4d98de3a27c"
url = "https://github.com/biomejs/biome/releases/download/%40biomejs/biome%402.5.4/biome-win32-x64.exe"
provenance = "github-attestations"

[[tools.dotnet]]
version = "10.0.300"
backend = "asdf:dotnet"

[[tools.hk]]
version = "1.52.0"
backend = "aqua:jdx/hk"

[tools.hk."platforms.linux-arm64"]
checksum = "sha256:84504df54a3a945493eeb739d2fe6bf0eef392d74795eeb02eabadfee78a53f8"
url = "https://github.com/jdx/hk/releases/download/v1.52.0/hk-aarch64-unknown-linux-gnu.tar.gz"

[tools.hk."platforms.linux-arm64-musl"]
checksum = "sha256:b710da09ee7bd09534201cbf9a5b8da62cae8d9d4a6bf1b3c7853b5441fd4678"
url = "https://github.com/jdx/hk/releases/download/v1.52.0/hk-aarch64-unknown-linux-musl.tar.gz"

[tools.hk."platforms.linux-x64"]
checksum = "sha256:d381ec061fda51d5765e7831757107e4c565f195b206feae6fdd298162ab8baa"
url = "https://github.com/jdx/hk/releases/download/v1.52.0/hk-x86_64-unknown-linux-gnu.tar.gz"

[tools.hk."platforms.linux-x64-musl"]
checksum = "sha256:53b9cb859c950a1b6f26100de3335022b071b30205c73c8744762bc67764ab50"
url = "https://github.com/jdx/hk/releases/download/v1.52.0/hk-x86_64-unknown-linux-musl.tar.gz"

[tools.hk."platforms.macos-arm64"]
checksum = "sha256:a711ed6d6359ca3084c73e1025af4e9a158727297a8dbe308d6eab44bcad372c"
url = "https://github.com/jdx/hk/releases/download/v1.52.0/hk-aarch64-apple-darwin.tar.gz"

[tools.hk."platforms.windows-x64"]
checksum = "sha256:65017b2d4aaa7d01c6cc9aa339a1254aa4c72553701f4ed04b2e482e93f4550a"
url = "https://github.com/jdx/hk/releases/download/v1.52.0/hk-x86_64-pc-windows-msvc.zip"

[[tools.markdownlint-cli2]]
version = "0.23.1"
backend = "npm:markdownlint-cli2"

[[tools.node]]
version = "26.2.0"
backend = "core:node"

[tools.node."platforms.linux-arm64"]
checksum = "sha256:bf52461d25017479cdc549642c4e7a2303ac5c5395d7c3d026d5d8b3fa283c05"
url = "https://nodejs.org/dist/v26.2.0/node-v26.2.0-linux-arm64.tar.gz"

[tools.node."platforms.linux-arm64-musl"]
checksum = "sha256:4593d822012fe3238814721909408c66f2a82955e0141457643a7a4c84e132fd"
url = "https://unofficial-builds.nodejs.org/download/release/v26.2.0/node-v26.2.0-linux-arm64-musl.tar.gz"

[tools.node."platforms.linux-x64"]
checksum = "sha256:8e5b4b969bb2414aca2ff84d2b99608511aedca32bf8a8427e6187dbdd703bbe"
url = "https://nodejs.org/dist/v26.2.0/node-v26.2.0-linux-x64.tar.gz"

[tools.node."platforms.linux-x64-musl"]
checksum = "sha256:9efc99332e1cf70eeb85618398467c9d339bc208be65115380c611dda4c28407"
url = "https://unofficial-builds.nodejs.org/download/release/v26.2.0/node-v26.2.0-linux-x64-musl.tar.gz"

[tools.node."platforms.macos-arm64"]
checksum = "sha256:2d8575b6a749c0bc66cc6ecd22a952f7d9bbf3b0ea76fcb0ed3ce858018afff7"
url = "https://nodejs.org/dist/v26.2.0/node-v26.2.0-darwin-arm64.tar.gz"

[tools.node."platforms.macos-x64"]
checksum = "sha256:26a5480d0dd952be86beae83e6636dacd7a3ffd17ef51d0b26bc9b260f2b42e9"
url = "https://nodejs.org/dist/v26.2.0/node-v26.2.0-darwin-x64.tar.gz"

[tools.node."platforms.windows-x64"]
checksum = "sha256:371071a4f7e2c8a5dd280730049c685911feecc59f50ebc488d675dc1087c69c"
url = "https://nodejs.org/dist/v26.2.0/node-v26.2.0-win-x64.zip"

[[tools."npm:markdownlint-cli"]]
version = "0.49.1"
backend = "npm:markdownlint-cli"

[[tools."npm:markdownlint-cli2"]]
version = "0.23.1"
backend = "npm:markdownlint-cli2"

[[tools.pnpm]]
version = "11.10.0"
backend = "aqua:pnpm/pnpm"

[tools.pnpm."platforms.linux-arm64"]
checksum = "sha256:7da014033800db506095d8d5eb15c4b1df7aa9cc6a4992634e4d59c3985e720b"
url = "https://github.com/pnpm/pnpm/releases/download/v11.10.0/pnpm-linux-arm64.tar.gz"
provenance = "github-attestations"

[tools.pnpm."platforms.linux-arm64-musl"]
checksum = "sha256:f3ff9b9041616c627d8b86b395d932fe703e6066e6e47c133fa525dfb5f39cc4"
url = "https://github.com/pnpm/pnpm/releases/download/v11.10.0/pnpm-linux-arm64-musl.tar.gz"
provenance = "github-attestations"

[tools.pnpm."platforms.linux-x64"]
checksum = "sha256:cf22c9f1ba90f67c9a5cfb1cbe9c2087cf4c3a5c409dad738c1f8a38b8137666"
url = "https://github.com/pnpm/pnpm/releases/download/v11.10.0/pnpm-linux-x64.tar.gz"
provenance = "github-attestations"

[tools.pnpm."platforms.linux-x64-musl"]
checksum = "sha256:ce68f57e8479d69aca120ab6dedf21a1560a885fcf3e9e5ef3333a08fd6ef6e9"
url = "https://github.com/pnpm/pnpm/releases/download/v11.10.0/pnpm-linux-x64-musl.tar.gz"
provenance = "github-attestations"

[tools.pnpm."platforms.macos-arm64"]
checksum = "sha256:d0d8a55b47dbe07a80d13fec7ee5af9bdca36187e61f9562d72d81dd637178c4"
url = "https://github.com/pnpm/pnpm/releases/download/v11.10.0/pnpm-darwin-arm64.tar.gz"
provenance = "github-attestations"

[tools.pnpm."platforms.windows-x64"]
checksum = "sha256:bb25e88285354cd2510a481859e5695b68f5def16f22e4ffb7aa76a87af4f700"
url = "https://github.com/pnpm/pnpm/releases/download/v11.10.0/pnpm-win32-x64.zip"
provenance = "github-attestations"

[[tools.taplo]]
version = "0.10.0"
backend = "aqua:tamasfe/taplo"

[tools.taplo."platforms.linux-arm64"]
url = "https://github.com/tamasfe/taplo/releases/download/0.10.0/taplo-linux-aarch64.gz"

[tools.taplo."platforms.linux-arm64-musl"]
url = "https://github.com/tamasfe/taplo/releases/download/0.10.0/taplo-linux-aarch64.gz"

[tools.taplo."platforms.linux-x64"]
url = "https://github.com/tamasfe/taplo/releases/download/0.10.0/taplo-linux-x86_64.gz"

[tools.taplo."platforms.linux-x64-musl"]
url = "https://github.com/tamasfe/taplo/releases/download/0.10.0/taplo-linux-x86_64.gz"

[tools.taplo."platforms.macos-arm64"]
checksum = "blake3:353ecb1ed7d279dec5e2fd388d292ef97db08a651405fa664ffec1b2896c05f0"
url = "https://github.com/tamasfe/taplo/releases/download/0.10.0/taplo-darwin-aarch64.gz"

[tools.taplo."platforms.macos-x64"]
url = "https://github.com/tamasfe/taplo/releases/download/0.10.0/taplo-darwin-x86_64.gz"

[tools.taplo."platforms.windows-x64"]
url = "https://github.com/tamasfe/taplo/releases/download/0.10.0/taplo-windows-x86_64.zip"
