# @generated - this file is auto-generated by `mise lock` https://mise.en.dev/dev-tools/mise-lock.html

[[tools.actionlint]]
version = "1.7.12"
backend = "aqua:rhysd/actionlint"

[tools.actionlint."platforms.linux-arm64"]
checksum = "sha256:325e971b6ba9bfa504672e29be93c24981eeb1c07576d730e9f7c8805afff0c6"
url = "https://github.com/rhysd/actionlint/releases/download/v1.7.12/actionlint_1.7.12_linux_arm64.tar.gz"
provenance = "github-attestations"

[tools.actionlint."platforms.linux-arm64-musl"]
checksum = "sha256:325e971b6ba9bfa504672e29be93c24981eeb1c07576d730e9f7c8805afff0c6"
url = "https://github.com/rhysd/actionlint/releases/download/v1.7.12/actionlint_1.7.12_linux_arm64.tar.gz"
provenance = "github-attestations"

[tools.actionlint."platforms.linux-x64"]
checksum = "sha256:8aca8db96f1b94770f1b0d72b6dddcb1ebb8123cb3712530b08cc387b349a3d8"
url = "https://github.com/rhysd/actionlint/releases/download/v1.7.12/actionlint_1.7.12_linux_amd64.tar.gz"
provenance = "github-attestations"

[tools.actionlint."platforms.linux-x64-musl"]
checksum = "sha256:8aca8db96f1b94770f1b0d72b6dddcb1ebb8123cb3712530b08cc387b349a3d8"
url = "https://github.com/rhysd/actionlint/releases/download/v1.7.12/actionlint_1.7.12_linux_amd64.tar.gz"
provenance = "github-attestations"

[tools.actionlint."platforms.macos-arm64"]
checksum = "sha256:aba9ced2dee8d27fecca3dc7feb1a7f9a52caefa1eb46f3271ea66b6e0e6953f"
url = "https://github.com/rhysd/actionlint/releases/download/v1.7.12/actionlint_1.7.12_darwin_arm64.tar.gz"
provenance = "github-attestations"

[tools.actionlint."platforms.macos-x64"]
checksum = "sha256:5b44c3bc2255115c9b69e30efc0fecdf498fdb63c5d58e17084fd5f16324c644"
url = "https://github.com/rhysd/actionlint/releases/download/v1.7.12/actionlint_1.7.12_darwin_amd64.tar.gz"
provenance = "github-attestations"

[tools.actionlint."platforms.windows-x64"]
checksum = "sha256:6e7241b51e6817ea6a047693d8e6fed13b31819c9a0dd6c5a726e1592d22f6e9"
url = "https://github.com/rhysd/actionlint/releases/download/v1.7.12/actionlint_1.7.12_windows_amd64.zip"
provenance = "github-attestations"

[[tools.betterleaks]]
version = "1.6.1"
backend = "aqua:betterleaks/betterleaks"

[tools.betterleaks."platforms.linux-arm64"]
checksum = "sha256:bab9688ba968264ace67b608fc7a7d8f5e61218cde70029d32cbc894e3808fdf"
url = "https://github.com/betterleaks/betterleaks/releases/download/v1.6.1/betterleaks_1.6.1_linux_arm64.tar.gz"

[tools.betterleaks."platforms.linux-arm64-musl"]
checksum = "sha256:bab9688ba968264ace67b608fc7a7d8f5e61218cde70029d32cbc894e3808fdf"
url = "https://github.com/betterleaks/betterleaks/releases/download/v1.6.1/betterleaks_1.6.1_linux_arm64.tar.gz"

[tools.betterleaks."platforms.linux-x64"]
checksum = "sha256:fbefc700a0bd4522cc952dd2a8f259cdb80526d7e60114aca19bb2d6fdc80f81"
url = "https://github.com/betterleaks/betterleaks/releases/download/v1.6.1/betterleaks_1.6.1_linux_x64.tar.gz"

[tools.betterleaks."platforms.linux-x64-musl"]
checksum = "sha256:fbefc700a0bd4522cc952dd2a8f259cdb80526d7e60114aca19bb2d6fdc80f81"
url = "https://github.com/betterleaks/betterleaks/releases/download/v1.6.1/betterleaks_1.6.1_linux_x64.tar.gz"

[tools.betterleaks."platforms.macos-arm64"]
checksum = "sha256:9996bfcc93fd2ae6976c7902e3b2177766ec1960c1e30a15398609d5177ef3f8"
url = "https://github.com/betterleaks/betterleaks/releases/download/v1.6.1/betterleaks_1.6.1_darwin_arm64.tar.gz"

[tools.betterleaks."platforms.macos-x64"]
checksum = "sha256:07ddb85c4b2c55da6b671a6af667c89d89c68c52aff8fd73a1118a92d373db8c"
url = "https://github.com/betterleaks/betterleaks/releases/download/v1.6.1/betterleaks_1.6.1_darwin_x64.tar.gz"

[tools.betterleaks."platforms.windows-x64"]
checksum = "sha256:3ada08a8b19afab75b111e10f38682a64c0582824c9903ce868b09b0c3c2cf37"
url = "https://github.com/betterleaks/betterleaks/releases/download/v1.6.1/betterleaks_1.6.1_windows_x64.zip"

[[tools.biome]]
version = "2.5.4"
backend = "aqua:biomejs/biome"

[tools.biome."platforms.linux-arm64"]
checksum = "sha256:698199017fc0b0c865d9a0ca2074102eb1fd0b358fd164595f3960b004fe4b90"
url = "https://github.com/biomejs/biome/releases/download/%40biomejs/biome%402.5.4/biome-linux-arm64"
provenance = "github-attestations"

[tools.biome."platforms.linux-arm64-musl"]
checksum = "sha256:49c602aded99121c5c7f4ff227eca3b359d86931fbffba8c270067043a9873cf"
url = "https://github.com/biomejs/biome/releases/download/%40biomejs/biome%402.5.4/biome-linux-arm64-musl"
provenance = "github-attestations"

[tools.biome."platforms.linux-x64"]
checksum = "sha256:4cd66b4a2953197e0e169f24b8a6e5f0fc42b3e852c3f58e562866244f3e11db"
url = "https://github.com/biomejs/biome/releases/download/%40biomejs/biome%402.5.4/biome-linux-x64"
provenance = "github-attestations"

[tools.biome."platforms.linux-x64-musl"]
checksum = "sha256:e5601b0963d66cb24e1bcc975189ea0acd17b59815e8d48a2da88817f8b7652b"
url = "https://github.com/biomejs/biome/releases/download/%40biomejs/biome%402.5.4/biome-linux-x64-musl"
provenance = "github-attestations"

[tools.biome."platforms.macos-arm64"]
checksum = "sha256:1250bb41a0409cf6c3133fc47819237eb61251624297f87158d2bed3ec123c3c"
url = "https://github.com/biomejs/biome/releases/download/%40biomejs/biome%402.5.4/biome-darwin-arm64"
provenance = "github-attestations"

[tools.biome."platforms.macos-x64"]
checksum = "sha256:b3dfae5422dbd86272bb8ed40afec66670ea7754531d8fbcbae7e445e5430387"
url = "https://github.com/biomejs/biome/releases/download/%40biomejs/biome%402.5.4/biome-darwin-x64"
provenance = "github-attestations"

[tools.biome."platforms.windows-x64"]
checksum = "sha256:49d1ef3925d31b2f08c00b76786621bf4603fdb4c3bfeff1aa2cd4d98de3a27c"
url = "https://github.com/biomejs/biome/releases/download/%40biomejs/biome%402.5.4/biome-win32-x64.exe"
provenance = "github-attestations"

[[tools.dotnet]]
version = "10.0.302"
backend = "core:dotnet"

[[tools."github:zavoloklom/docker-compose-linter"]]
version = "3.1.0"
backend = "github:zavoloklom/docker-compose-linter"

[tools."github:zavoloklom/docker-compose-linter"."platforms.linux-arm64"]
checksum = "sha256:2a27fcc4677d0a51b3a0a6a019e94dfcc8fb46c02a446f416f6b9cc4f3c6f5fc"
url = "https://github.com/zavoloklom/docker-compose-linter/releases/download/v3.1.0/dclint-alpine-arm64"
url_api = "https://api.github.com/repos/zavoloklom/docker-compose-linter/releases/assets/275983087"

[tools."github:zavoloklom/docker-compose-linter"."platforms.linux-arm64-musl"]
checksum = "sha256:2a27fcc4677d0a51b3a0a6a019e94dfcc8fb46c02a446f416f6b9cc4f3c6f5fc"
url = "https://github.com/zavoloklom/docker-compose-linter/releases/download/v3.1.0/dclint-alpine-arm64"
url_api = "https://api.github.com/repos/zavoloklom/docker-compose-linter/releases/assets/275983087"

[tools."github:zavoloklom/docker-compose-linter"."platforms.linux-x64"]
checksum = "sha256:6ac50660c3ac5b8ef3d453edbe5fe22c82875c4cd0173074ff87be69c391b852"
url = "https://github.com/zavoloklom/docker-compose-linter/releases/download/v3.1.0/dclint-alpine-amd64"
url_api = "https://api.github.com/repos/zavoloklom/docker-compose-linter/releases/assets/275983094"

[tools."github:zavoloklom/docker-compose-linter"."platforms.linux-x64-musl"]
checksum = "sha256:6ac50660c3ac5b8ef3d453edbe5fe22c82875c4cd0173074ff87be69c391b852"
url = "https://github.com/zavoloklom/docker-compose-linter/releases/download/v3.1.0/dclint-alpine-amd64"
url_api = "https://api.github.com/repos/zavoloklom/docker-compose-linter/releases/assets/275983094"

[tools."github:zavoloklom/docker-compose-linter"."platforms.macos-arm64"]
checksum = "sha256:ea58b5392e8c47c849b93028455d6df1a711b361ef49a870defa6b77b178e8ff"
url = "https://github.com/zavoloklom/docker-compose-linter/releases/download/v3.1.0/dclint-bullseye-arm64"
url_api = "https://api.github.com/repos/zavoloklom/docker-compose-linter/releases/assets/275983083"

[tools."github:zavoloklom/docker-compose-linter"."platforms.macos-x64"]
checksum = "sha256:5834586af5d3a5d3721dbb781cd87b4193e498f53671562864ca15567d1d42ac"
url = "https://github.com/zavoloklom/docker-compose-linter/releases/download/v3.1.0/dclint-bullseye-amd64"
url_api = "https://api.github.com/repos/zavoloklom/docker-compose-linter/releases/assets/275983090"

[tools."github:zavoloklom/docker-compose-linter"."platforms.windows-x64"]
checksum = "sha256:5834586af5d3a5d3721dbb781cd87b4193e498f53671562864ca15567d1d42ac"
url = "https://github.com/zavoloklom/docker-compose-linter/releases/download/v3.1.0/dclint-bullseye-amd64"
url_api = "https://api.github.com/repos/zavoloklom/docker-compose-linter/releases/assets/275983090"

[[tools.gitleaks]]
version = "8.30.1"
backend = "aqua:gitleaks/gitleaks"

[tools.gitleaks."platforms.linux-arm64"]
checksum = "sha256:e4a487ee7ccd7d3a7f7ec08657610aa3606637dab924210b3aee62570fb4b080"
url = "https://github.com/gitleaks/gitleaks/releases/download/v8.30.1/gitleaks_8.30.1_linux_arm64.tar.gz"

[tools.gitleaks."platforms.linux-arm64-musl"]
checksum = "sha256:e4a487ee7ccd7d3a7f7ec08657610aa3606637dab924210b3aee62570fb4b080"
url = "https://github.com/gitleaks/gitleaks/releases/download/v8.30.1/gitleaks_8.30.1_linux_arm64.tar.gz"

[tools.gitleaks."platforms.linux-x64"]
checksum = "sha256:551f6fc83ea457d62a0d98237cbad105af8d557003051f41f3e7ca7b3f2470eb"
url = "https://github.com/gitleaks/gitleaks/releases/download/v8.30.1/gitleaks_8.30.1_linux_x64.tar.gz"

[tools.gitleaks."platforms.linux-x64-musl"]
checksum = "sha256:551f6fc83ea457d62a0d98237cbad105af8d557003051f41f3e7ca7b3f2470eb"
url = "https://github.com/gitleaks/gitleaks/releases/download/v8.30.1/gitleaks_8.30.1_linux_x64.tar.gz"

[tools.gitleaks."platforms.macos-arm64"]
checksum = "sha256:b40ab0ae55c505963e365f271a8d3846efbc170aa17f2607f13df610a9aeb6a5"
url = "https://github.com/gitleaks/gitleaks/releases/download/v8.30.1/gitleaks_8.30.1_darwin_arm64.tar.gz"

[tools.gitleaks."platforms.macos-x64"]
checksum = "sha256:dfe101a4db2255fc85120ac7f3d25e4342c3c20cf749f2c20a18081af1952709"
url = "https://github.com/gitleaks/gitleaks/releases/download/v8.30.1/gitleaks_8.30.1_darwin_x64.tar.gz"

[tools.gitleaks."platforms.windows-x64"]
checksum = "sha256:d29144deff3a68aa93ced33dddf84b7fdc26070add4aa0f4513094c8332afc4e"
url = "https://github.com/gitleaks/gitleaks/releases/download/v8.30.1/gitleaks_8.30.1_windows_x64.zip"

[[tools.hadolint]]
version = "2.14.0"
backend = "aqua:hadolint/hadolint"

[tools.hadolint."platforms.linux-arm64"]
checksum = "sha256:331f1d3511b84a4f1e3d18d52fec284723e4019552f4f47b19322a53ce9a40ed"
url = "https://github.com/hadolint/hadolint/releases/download/v2.14.0/hadolint-linux-arm64"

[tools.hadolint."platforms.linux-arm64-musl"]
checksum = "sha256:331f1d3511b84a4f1e3d18d52fec284723e4019552f4f47b19322a53ce9a40ed"
url = "https://github.com/hadolint/hadolint/releases/download/v2.14.0/hadolint-linux-arm64"

[tools.hadolint."platforms.linux-x64"]
checksum = "sha256:6bf226944684f56c84dd014e8b979d27425c0148f61b3bd99bcc6f39e9dc5a47"
url = "https://github.com/hadolint/hadolint/releases/download/v2.14.0/hadolint-linux-x86_64"

[tools.hadolint."platforms.linux-x64-musl"]
checksum = "sha256:6bf226944684f56c84dd014e8b979d27425c0148f61b3bd99bcc6f39e9dc5a47"
url = "https://github.com/hadolint/hadolint/releases/download/v2.14.0/hadolint-linux-x86_64"

[tools.hadolint."platforms.macos-arm64"]
checksum = "sha256:3625e2e9f43dcfe7bd38738a5f5520ed50ce39ed28485266e6803dd7bc197b10"
url = "https://github.com/hadolint/hadolint/releases/download/v2.14.0/hadolint-macos-arm64"

[tools.hadolint."platforms.macos-x64"]
checksum = "sha256:2b69a853433f1eca522ffb921cd490bd1321424d03331fd8390f93b7fb4a02e9"
url = "https://github.com/hadolint/hadolint/releases/download/v2.14.0/hadolint-macos-x86_64"

[tools.hadolint."platforms.windows-x64"]
checksum = "sha256:8e0ee174f88edb14f207a68430c7a53c2883ed509cdbde9a3a26fffa140fa5e4"
url = "https://github.com/hadolint/hadolint/releases/download/v2.14.0/hadolint-windows-x86_64.exe"

[[tools.hk]]
version = "1.55.0"
backend = "aqua:jdx/hk"

[tools.hk."platforms.linux-arm64"]
checksum = "sha256:64c44aa0f26e995f7d9c44cc9c5116e20052bcefc821daf17ce3df265bb0b2d6"
url = "https://github.com/jdx/hk/releases/download/v1.55.0/hk-aarch64-unknown-linux-gnu.tar.gz"

[tools.hk."platforms.linux-arm64-musl"]
checksum = "sha256:21eccba81a4b9ac73431d876d8ed5add16a01df360f6d3d576279903254599f6"
url = "https://github.com/jdx/hk/releases/download/v1.55.0/hk-aarch64-unknown-linux-musl.tar.gz"

[tools.hk."platforms.linux-x64"]
checksum = "sha256:efd6ed276ae8a26cc95fcb8c83051d9a3fd05e124d38170c0f057a716e9de94d"
url = "https://github.com/jdx/hk/releases/download/v1.55.0/hk-x86_64-unknown-linux-gnu.tar.gz"

[tools.hk."platforms.linux-x64-musl"]
checksum = "sha256:f00e04f536bec16bbc8c7cf8696f834d6ad80ddbcc1e653e3110d12ee4de2b42"
url = "https://github.com/jdx/hk/releases/download/v1.55.0/hk-x86_64-unknown-linux-musl.tar.gz"

[tools.hk."platforms.macos-arm64"]
checksum = "sha256:a995ff68402bcf6c16ab054e4c45db592213bcd661c9b92003d4a62f2d56d4b1"
url = "https://github.com/jdx/hk/releases/download/v1.55.0/hk-aarch64-apple-darwin.tar.gz"

[tools.hk."platforms.windows-x64"]
checksum = "sha256:402b3c9c5f9a5b3cb8ab6229d0f6d169b122fc3db1e39fc2fa53421a1aa24fc5"
url = "https://github.com/jdx/hk/releases/download/v1.55.0/hk-x86_64-pc-windows-msvc.zip"

[[tools.markdownlint-cli2]]
version = "0.23.1"
backend = "npm:markdownlint-cli2"

[[tools.node]]
version = "26.5.0"
backend = "core:node"

[tools.node."platforms.linux-arm64"]
checksum = "sha256:308e5fe89a82461ba5a6cf15ff5221b2cdbd7ae87600aa72bb3c3fbdc66412d1"
url = "https://nodejs.org/dist/v26.5.0/node-v26.5.0-linux-arm64.tar.gz"

[tools.node."platforms.linux-arm64-musl"]
checksum = "sha256:1ab31aef6561191693f366cacd75bbcefa0301e49a18bc05554c21893bbdb490"
url = "https://unofficial-builds.nodejs.org/download/release/v26.5.0/node-v26.5.0-linux-arm64-musl.tar.gz"

[tools.node."platforms.linux-x64"]
checksum = "sha256:22b5f47ad6ae78837e4c2b846019965ce1a06ba143de176102294a1bf44fc677"
url = "https://nodejs.org/dist/v26.5.0/node-v26.5.0-linux-x64.tar.gz"

[tools.node."platforms.linux-x64-musl"]
checksum = "sha256:00f1398411a4216c5a6ecaad3b825a0da5ec00e79ee8c173ab65a094d97b9ad8"
url = "https://unofficial-builds.nodejs.org/download/release/v26.5.0/node-v26.5.0-linux-x64-musl.tar.gz"

[tools.node."platforms.macos-arm64"]
checksum = "sha256:ee920559aaa2391569cff4d737e3b83963430e3a14dedd91bfe0ff53171b5af9"
url = "https://nodejs.org/dist/v26.5.0/node-v26.5.0-darwin-arm64.tar.gz"

[tools.node."platforms.macos-x64"]
checksum = "sha256:98293394c945a24e64e00b4177bf075ec963ea70b34d1d2e24bd4a71716d334f"
url = "https://nodejs.org/dist/v26.5.0/node-v26.5.0-darwin-x64.tar.gz"

[tools.node."platforms.windows-x64"]
checksum = "sha256:d3b2277dbcccfdf24ef6302928f64f484cff1d77a6d3caa3a28f4d20ce9158f6"
url = "https://nodejs.org/dist/v26.5.0/node-v26.5.0-win-x64.zip"

[[tools."npm:dclint"]]
version = "3.1.0"
backend = "npm:dclint"

[[tools."npm:markdownlint-cli"]]
version = "0.49.1"
backend = "npm:markdownlint-cli"

[[tools."npm:markdownlint-cli2"]]
version = "0.23.1"
backend = "npm:markdownlint-cli2"

[[tools."npm:sort-package-json"]]
version = "4.0.0"
backend = "npm:sort-package-json"

[[tools."pipx:sqlfluff"]]
version = "4.2.2"
backend = "pipx:sqlfluff"

[[tools.pnpm]]
version = "11.15.1"
backend = "aqua:pnpm/pnpm"

[tools.pnpm."platforms.linux-arm64"]
checksum = "sha256:361e385867146972d0635a41a1871cb44c9c23f65acce78a5f1ca1d44ac0afcd"
url = "https://github.com/pnpm/pnpm/releases/download/v11.15.1/pnpm-linux-arm64.tar.gz"
provenance = "github-attestations"

[tools.pnpm."platforms.linux-arm64-musl"]
checksum = "sha256:5e293db656ee6a54387945572e06f08245140a7427c8e67b821d56471f373b77"
url = "https://github.com/pnpm/pnpm/releases/download/v11.15.1/pnpm-linux-arm64-musl.tar.gz"
provenance = "github-attestations"

[tools.pnpm."platforms.linux-x64"]
checksum = "sha256:0c1373b6390f6b89ff8b896d3647c9826577ddc49173a2f732da69b36569f9e0"
url = "https://github.com/pnpm/pnpm/releases/download/v11.15.1/pnpm-linux-x64.tar.gz"
provenance = "github-attestations"

[tools.pnpm."platforms.linux-x64-musl"]
checksum = "sha256:593039435b88cb4e15c60c18ba032a1ae6a28159287199f20aacc44ad553a094"
url = "https://github.com/pnpm/pnpm/releases/download/v11.15.1/pnpm-linux-x64-musl.tar.gz"
provenance = "github-attestations"

[tools.pnpm."platforms.macos-arm64"]
checksum = "sha256:4ff53ecc9de8df115d4efef60eab77f91be4f8237cdaca078351a22e707d1849"
url = "https://github.com/pnpm/pnpm/releases/download/v11.15.1/pnpm-darwin-arm64.tar.gz"
provenance = "github-attestations"

[tools.pnpm."platforms.windows-x64"]
checksum = "sha256:e9179d727211d5556e969fccfa36f828392892c54728a711c9da1cc3093f7900"
url = "https://github.com/pnpm/pnpm/releases/download/v11.15.1/pnpm-win32-x64.zip"
provenance = "github-attestations"

[[tools.rust]]
version = "1.97.1"
backend = "core:rust"

[[tools.taplo]]
version = "0.10.0"
backend = "aqua:tamasfe/taplo"

[tools.taplo."platforms.linux-arm64"]
url = "https://github.com/tamasfe/taplo/releases/download/0.10.0/taplo-linux-aarch64.gz"
url_api = "https://api.github.com/repos/tamasfe/taplo/releases/assets/257322597"

[tools.taplo."platforms.linux-arm64-musl"]
url = "https://github.com/tamasfe/taplo/releases/download/0.10.0/taplo-linux-aarch64.gz"
url_api = "https://api.github.com/repos/tamasfe/taplo/releases/assets/257322597"

[tools.taplo."platforms.linux-x64"]
url = "https://github.com/tamasfe/taplo/releases/download/0.10.0/taplo-linux-x86_64.gz"
url_api = "https://api.github.com/repos/tamasfe/taplo/releases/assets/257322600"

[tools.taplo."platforms.linux-x64-musl"]
url = "https://github.com/tamasfe/taplo/releases/download/0.10.0/taplo-linux-x86_64.gz"
url_api = "https://api.github.com/repos/tamasfe/taplo/releases/assets/257322600"

[tools.taplo."platforms.macos-arm64"]
checksum = "blake3:353ecb1ed7d279dec5e2fd388d292ef97db08a651405fa664ffec1b2896c05f0"
url = "https://github.com/tamasfe/taplo/releases/download/0.10.0/taplo-darwin-aarch64.gz"

[tools.taplo."platforms.macos-x64"]
url = "https://github.com/tamasfe/taplo/releases/download/0.10.0/taplo-darwin-x86_64.gz"
url_api = "https://api.github.com/repos/tamasfe/taplo/releases/assets/257323116"

[tools.taplo."platforms.windows-x64"]
url = "https://github.com/tamasfe/taplo/releases/download/0.10.0/taplo-windows-x86_64.zip"
url_api = "https://api.github.com/repos/tamasfe/taplo/releases/assets/257323062"

[[tools.yamllint]]
version = "1.38.0"
backend = "pipx:yamllint"
