# @generated - this file is auto-generated by `mise lock` https://mise.en.dev/dev-tools/mise-lock.html

[[tools.actionlint]]
version = "1.7.12"
backend = "aqua:rhysd/actionlint"

[tools.actionlint."platforms.linux-arm64"]
checksum = "sha256:325e971b6ba9bfa504672e29be93c24981eeb1c07576d730e9f7c8805afff0c6"
url = "https://github.com/rhysd/actionlint/releases/download/v1.7.12/actionlint_1.7.12_linux_arm64.tar.gz"
provenance = "github-attestations"

[tools.actionlint."platforms.linux-arm64-musl"]
checksum = "sha256:325e971b6ba9bfa504672e29be93c24981eeb1c07576d730e9f7c8805afff0c6"
url = "https://github.com/rhysd/actionlint/releases/download/v1.7.12/actionlint_1.7.12_linux_arm64.tar.gz"
provenance = "github-attestations"

[tools.actionlint."platforms.linux-x64"]
checksum = "sha256:8aca8db96f1b94770f1b0d72b6dddcb1ebb8123cb3712530b08cc387b349a3d8"
url = "https://github.com/rhysd/actionlint/releases/download/v1.7.12/actionlint_1.7.12_linux_amd64.tar.gz"
provenance = "github-attestations"

[tools.actionlint."platforms.linux-x64-musl"]
checksum = "sha256:8aca8db96f1b94770f1b0d72b6dddcb1ebb8123cb3712530b08cc387b349a3d8"
url = "https://github.com/rhysd/actionlint/releases/download/v1.7.12/actionlint_1.7.12_linux_amd64.tar.gz"
provenance = "github-attestations"

[tools.actionlint."platforms.macos-arm64"]
checksum = "sha256:aba9ced2dee8d27fecca3dc7feb1a7f9a52caefa1eb46f3271ea66b6e0e6953f"
url = "https://github.com/rhysd/actionlint/releases/download/v1.7.12/actionlint_1.7.12_darwin_arm64.tar.gz"
provenance = "github-attestations"

[tools.actionlint."platforms.macos-x64"]
checksum = "sha256:5b44c3bc2255115c9b69e30efc0fecdf498fdb63c5d58e17084fd5f16324c644"
url = "https://github.com/rhysd/actionlint/releases/download/v1.7.12/actionlint_1.7.12_darwin_amd64.tar.gz"
provenance = "github-attestations"

[tools.actionlint."platforms.windows-x64"]
checksum = "sha256:6e7241b51e6817ea6a047693d8e6fed13b31819c9a0dd6c5a726e1592d22f6e9"
url = "https://github.com/rhysd/actionlint/releases/download/v1.7.12/actionlint_1.7.12_windows_amd64.zip"
provenance = "github-attestations"

[[tools.betterleaks]]
version = "1.6.1"
backend = "aqua:betterleaks/betterleaks"

[tools.betterleaks."platforms.linux-arm64"]
checksum = "sha256:bab9688ba968264ace67b608fc7a7d8f5e61218cde70029d32cbc894e3808fdf"
url = "https://github.com/betterleaks/betterleaks/releases/download/v1.6.1/betterleaks_1.6.1_linux_arm64.tar.gz"

[tools.betterleaks."platforms.linux-arm64-musl"]
checksum = "sha256:bab9688ba968264ace67b608fc7a7d8f5e61218cde70029d32cbc894e3808fdf"
url = "https://github.com/betterleaks/betterleaks/releases/download/v1.6.1/betterleaks_1.6.1_linux_arm64.tar.gz"

[tools.betterleaks."platforms.linux-x64"]
checksum = "sha256:fbefc700a0bd4522cc952dd2a8f259cdb80526d7e60114aca19bb2d6fdc80f81"
url = "https://github.com/betterleaks/betterleaks/releases/download/v1.6.1/betterleaks_1.6.1_linux_x64.tar.gz"

[tools.betterleaks."platforms.linux-x64-musl"]
checksum = "sha256:fbefc700a0bd4522cc952dd2a8f259cdb80526d7e60114aca19bb2d6fdc80f81"
url = "https://github.com/betterleaks/betterleaks/releases/download/v1.6.1/betterleaks_1.6.1_linux_x64.tar.gz"

[tools.betterleaks."platforms.macos-arm64"]
checksum = "sha256:9996bfcc93fd2ae6976c7902e3b2177766ec1960c1e30a15398609d5177ef3f8"
url = "https://github.com/betterleaks/betterleaks/releases/download/v1.6.1/betterleaks_1.6.1_darwin_arm64.tar.gz"

[tools.betterleaks."platforms.macos-x64"]
checksum = "sha256:07ddb85c4b2c55da6b671a6af667c89d89c68c52aff8fd73a1118a92d373db8c"
url = "https://github.com/betterleaks/betterleaks/releases/download/v1.6.1/betterleaks_1.6.1_darwin_x64.tar.gz"

[tools.betterleaks."platforms.windows-x64"]
checksum = "sha256:3ada08a8b19afab75b111e10f38682a64c0582824c9903ce868b09b0c3c2cf37"
url = "https://github.com/betterleaks/betterleaks/releases/download/v1.6.1/betterleaks_1.6.1_windows_x64.zip"

[[tools.biome]]
version = "2.5.4"
backend = "aqua:biomejs/biome"

[tools.biome."platforms.linux-arm64"]
checksum = "sha256:698199017fc0b0c865d9a0ca2074102eb1fd0b358fd164595f3960b004fe4b90"
url = "https://github.com/biomejs/biome/releases/download/%40biomejs/biome%402.5.4/biome-linux-arm64"
provenance = "github-attestations"

[tools.biome."platforms.linux-arm64-musl"]
checksum = "sha256:49c602aded99121c5c7f4ff227eca3b359d86931fbffba8c270067043a9873cf"
url = "https://github.com/biomejs/biome/releases/download/%40biomejs/biome%402.5.4/biome-linux-arm64-musl"
provenance = "github-attestations"

[tools.biome."platforms.linux-x64"]
checksum = "sha256:4cd66b4a2953197e0e169f24b8a6e5f0fc42b3e852c3f58e562866244f3e11db"
url = "https://github.com/biomejs/biome/releases/download/%40biomejs/biome%402.5.4/biome-linux-x64"
provenance = "github-attestations"

[tools.biome."platforms.linux-x64-musl"]
checksum = "sha256:e5601b0963d66cb24e1bcc975189ea0acd17b59815e8d48a2da88817f8b7652b"
url = "https://github.com/biomejs/biome/releases/download/%40biomejs/biome%402.5.4/biome-linux-x64-musl"
provenance = "github-attestations"

[tools.biome."platforms.macos-arm64"]
checksum = "sha256:1250bb41a0409cf6c3133fc47819237eb61251624297f87158d2bed3ec123c3c"
url = "https://github.com/biomejs/biome/releases/download/%40biomejs/biome%402.5.4/biome-darwin-arm64"
provenance = "github-attestations"

[tools.biome."platforms.macos-x64"]
checksum = "sha256:b3dfae5422dbd86272bb8ed40afec66670ea7754531d8fbcbae7e445e5430387"
url = "https://github.com/biomejs/biome/releases/download/%40biomejs/biome%402.5.4/biome-darwin-x64"
provenance = "github-attestations"

[tools.biome."platforms.windows-x64"]
checksum = "sha256:49d1ef3925d31b2f08c00b76786621bf4603fdb4c3bfeff1aa2cd4d98de3a27c"
url = "https://github.com/biomejs/biome/releases/download/%40biomejs/biome%402.5.4/biome-win32-x64.exe"
provenance = "github-attestations"

[[tools.dotnet]]
version = "10.0.300"
backend = "asdf:dotnet"

[[tools."github:zavoloklom/docker-compose-linter"]]
version = "3.1.0"
backend = "github:zavoloklom/docker-compose-linter"

[tools."github:zavoloklom/docker-compose-linter"."platforms.linux-arm64"]
checksum = "sha256:2a27fcc4677d0a51b3a0a6a019e94dfcc8fb46c02a446f416f6b9cc4f3c6f5fc"
url = "https://github.com/zavoloklom/docker-compose-linter/releases/download/v3.1.0/dclint-alpine-arm64"
url_api = "https://api.github.com/repos/zavoloklom/docker-compose-linter/releases/assets/275983087"

[tools."github:zavoloklom/docker-compose-linter"."platforms.linux-arm64-musl"]
checksum = "sha256:2a27fcc4677d0a51b3a0a6a019e94dfcc8fb46c02a446f416f6b9cc4f3c6f5fc"
url = "https://github.com/zavoloklom/docker-compose-linter/releases/download/v3.1.0/dclint-alpine-arm64"
url_api = "https://api.github.com/repos/zavoloklom/docker-compose-linter/releases/assets/275983087"

[tools."github:zavoloklom/docker-compose-linter"."platforms.linux-x64"]
checksum = "sha256:6ac50660c3ac5b8ef3d453edbe5fe22c82875c4cd0173074ff87be69c391b852"
url = "https://github.com/zavoloklom/docker-compose-linter/releases/download/v3.1.0/dclint-alpine-amd64"
url_api = "https://api.github.com/repos/zavoloklom/docker-compose-linter/releases/assets/275983094"

[tools."github:zavoloklom/docker-compose-linter"."platforms.linux-x64-musl"]
checksum = "sha256:6ac50660c3ac5b8ef3d453edbe5fe22c82875c4cd0173074ff87be69c391b852"
url = "https://github.com/zavoloklom/docker-compose-linter/releases/download/v3.1.0/dclint-alpine-amd64"
url_api = "https://api.github.com/repos/zavoloklom/docker-compose-linter/releases/assets/275983094"

[tools."github:zavoloklom/docker-compose-linter"."platforms.macos-arm64"]
checksum = "sha256:ea58b5392e8c47c849b93028455d6df1a711b361ef49a870defa6b77b178e8ff"
url = "https://github.com/zavoloklom/docker-compose-linter/releases/download/v3.1.0/dclint-bullseye-arm64"
url_api = "https://api.github.com/repos/zavoloklom/docker-compose-linter/releases/assets/275983083"

[tools."github:zavoloklom/docker-compose-linter"."platforms.macos-x64"]
checksum = "sha256:5834586af5d3a5d3721dbb781cd87b4193e498f53671562864ca15567d1d42ac"
url = "https://github.com/zavoloklom/docker-compose-linter/releases/download/v3.1.0/dclint-bullseye-amd64"
url_api = "https://api.github.com/repos/zavoloklom/docker-compose-linter/releases/assets/275983090"

[tools."github:zavoloklom/docker-compose-linter"."platforms.windows-x64"]
checksum = "sha256:5834586af5d3a5d3721dbb781cd87b4193e498f53671562864ca15567d1d42ac"
url = "https://github.com/zavoloklom/docker-compose-linter/releases/download/v3.1.0/dclint-bullseye-amd64"
url_api = "https://api.github.com/repos/zavoloklom/docker-compose-linter/releases/assets/275983090"

[[tools.gitleaks]]
version = "8.30.1"
backend = "aqua:gitleaks/gitleaks"

[tools.gitleaks."platforms.linux-arm64"]
checksum = "sha256:e4a487ee7ccd7d3a7f7ec08657610aa3606637dab924210b3aee62570fb4b080"
url = "https://github.com/gitleaks/gitleaks/releases/download/v8.30.1/gitleaks_8.30.1_linux_arm64.tar.gz"

[tools.gitleaks."platforms.linux-arm64-musl"]
checksum = "sha256:e4a487ee7ccd7d3a7f7ec08657610aa3606637dab924210b3aee62570fb4b080"
url = "https://github.com/gitleaks/gitleaks/releases/download/v8.30.1/gitleaks_8.30.1_linux_arm64.tar.gz"

[tools.gitleaks."platforms.linux-x64"]
checksum = "sha256:551f6fc83ea457d62a0d98237cbad105af8d557003051f41f3e7ca7b3f2470eb"
url = "https://github.com/gitleaks/gitleaks/releases/download/v8.30.1/gitleaks_8.30.1_linux_x64.tar.gz"

[tools.gitleaks."platforms.linux-x64-musl"]
checksum = "sha256:551f6fc83ea457d62a0d98237cbad105af8d557003051f41f3e7ca7b3f2470eb"
url = "https://github.com/gitleaks/gitleaks/releases/download/v8.30.1/gitleaks_8.30.1_linux_x64.tar.gz"

[tools.gitleaks."platforms.macos-arm64"]
checksum = "sha256:b40ab0ae55c505963e365f271a8d3846efbc170aa17f2607f13df610a9aeb6a5"
url = "https://github.com/gitleaks/gitleaks/releases/download/v8.30.1/gitleaks_8.30.1_darwin_arm64.tar.gz"

[tools.gitleaks."platforms.macos-x64"]
checksum = "sha256:dfe101a4db2255fc85120ac7f3d25e4342c3c20cf749f2c20a18081af1952709"
url = "https://github.com/gitleaks/gitleaks/releases/download/v8.30.1/gitleaks_8.30.1_darwin_x64.tar.gz"

[tools.gitleaks."platforms.windows-x64"]
checksum = "sha256:d29144deff3a68aa93ced33dddf84b7fdc26070add4aa0f4513094c8332afc4e"
url = "https://github.com/gitleaks/gitleaks/releases/download/v8.30.1/gitleaks_8.30.1_windows_x64.zip"

[[tools.hadolint]]
version = "2.14.0"
backend = "aqua:hadolint/hadolint"

[tools.hadolint."platforms.linux-arm64"]
checksum = "sha256:331f1d3511b84a4f1e3d18d52fec284723e4019552f4f47b19322a53ce9a40ed"
url = "https://github.com/hadolint/hadolint/releases/download/v2.14.0/hadolint-linux-arm64"

[tools.hadolint."platforms.linux-arm64-musl"]
checksum = "sha256:331f1d3511b84a4f1e3d18d52fec284723e4019552f4f47b19322a53ce9a40ed"
url = "https://github.com/hadolint/hadolint/releases/download/v2.14.0/hadolint-linux-arm64"

[tools.hadolint."platforms.linux-x64"]
checksum = "sha256:6bf226944684f56c84dd014e8b979d27425c0148f61b3bd99bcc6f39e9dc5a47"
url = "https://github.com/hadolint/hadolint/releases/download/v2.14.0/hadolint-linux-x86_64"

[tools.hadolint."platforms.linux-x64-musl"]
checksum = "sha256:6bf226944684f56c84dd014e8b979d27425c0148f61b3bd99bcc6f39e9dc5a47"
url = "https://github.com/hadolint/hadolint/releases/download/v2.14.0/hadolint-linux-x86_64"

[tools.hadolint."platforms.macos-arm64"]
checksum = "sha256:3625e2e9f43dcfe7bd38738a5f5520ed50ce39ed28485266e6803dd7bc197b10"
url = "https://github.com/hadolint/hadolint/releases/download/v2.14.0/hadolint-macos-arm64"

[tools.hadolint."platforms.macos-x64"]
checksum = "sha256:2b69a853433f1eca522ffb921cd490bd1321424d03331fd8390f93b7fb4a02e9"
url = "https://github.com/hadolint/hadolint/releases/download/v2.14.0/hadolint-macos-x86_64"

[tools.hadolint."platforms.windows-x64"]
checksum = "sha256:8e0ee174f88edb14f207a68430c7a53c2883ed509cdbde9a3a26fffa140fa5e4"
url = "https://github.com/hadolint/hadolint/releases/download/v2.14.0/hadolint-windows-x86_64.exe"

[[tools.hk]]
version = "1.52.0"
backend = "aqua:jdx/hk"

[tools.hk."platforms.linux-arm64"]
checksum = "sha256:84504df54a3a945493eeb739d2fe6bf0eef392d74795eeb02eabadfee78a53f8"
url = "https://github.com/jdx/hk/releases/download/v1.52.0/hk-aarch64-unknown-linux-gnu.tar.gz"

[tools.hk."platforms.linux-arm64-musl"]
checksum = "sha256:b710da09ee7bd09534201cbf9a5b8da62cae8d9d4a6bf1b3c7853b5441fd4678"
url = "https://github.com/jdx/hk/releases/download/v1.52.0/hk-aarch64-unknown-linux-musl.tar.gz"

[tools.hk."platforms.linux-x64"]
checksum = "sha256:d381ec061fda51d5765e7831757107e4c565f195b206feae6fdd298162ab8baa"
url = "https://github.com/jdx/hk/releases/download/v1.52.0/hk-x86_64-unknown-linux-gnu.tar.gz"

[tools.hk."platforms.linux-x64-musl"]
checksum = "sha256:53b9cb859c950a1b6f26100de3335022b071b30205c73c8744762bc67764ab50"
url = "https://github.com/jdx/hk/releases/download/v1.52.0/hk-x86_64-unknown-linux-musl.tar.gz"

[tools.hk."platforms.macos-arm64"]
checksum = "sha256:a711ed6d6359ca3084c73e1025af4e9a158727297a8dbe308d6eab44bcad372c"
url = "https://github.com/jdx/hk/releases/download/v1.52.0/hk-aarch64-apple-darwin.tar.gz"

[tools.hk."platforms.windows-x64"]
checksum = "sha256:65017b2d4aaa7d01c6cc9aa339a1254aa4c72553701f4ed04b2e482e93f4550a"
url = "https://github.com/jdx/hk/releases/download/v1.52.0/hk-x86_64-pc-windows-msvc.zip"

[[tools.markdownlint-cli2]]
version = "0.23.1"
backend = "npm:markdownlint-cli2"

[[tools.node]]
version = "26.2.0"
backend = "core:node"

[tools.node."platforms.linux-arm64"]
checksum = "sha256:bf52461d25017479cdc549642c4e7a2303ac5c5395d7c3d026d5d8b3fa283c05"
url = "https://nodejs.org/dist/v26.2.0/node-v26.2.0-linux-arm64.tar.gz"

[tools.node."platforms.linux-arm64-musl"]
checksum = "sha256:4593d822012fe3238814721909408c66f2a82955e0141457643a7a4c84e132fd"
url = "https://unofficial-builds.nodejs.org/download/release/v26.2.0/node-v26.2.0-linux-arm64-musl.tar.gz"

[tools.node."platforms.linux-x64"]
checksum = "sha256:8e5b4b969bb2414aca2ff84d2b99608511aedca32bf8a8427e6187dbdd703bbe"
url = "https://nodejs.org/dist/v26.2.0/node-v26.2.0-linux-x64.tar.gz"

[tools.node."platforms.linux-x64-musl"]
checksum = "sha256:9efc99332e1cf70eeb85618398467c9d339bc208be65115380c611dda4c28407"
url = "https://unofficial-builds.nodejs.org/download/release/v26.2.0/node-v26.2.0-linux-x64-musl.tar.gz"

[tools.node."platforms.macos-arm64"]
checksum = "sha256:2d8575b6a749c0bc66cc6ecd22a952f7d9bbf3b0ea76fcb0ed3ce858018afff7"
url = "https://nodejs.org/dist/v26.2.0/node-v26.2.0-darwin-arm64.tar.gz"

[tools.node."platforms.macos-x64"]
checksum = "sha256:26a5480d0dd952be86beae83e6636dacd7a3ffd17ef51d0b26bc9b260f2b42e9"
url = "https://nodejs.org/dist/v26.2.0/node-v26.2.0-darwin-x64.tar.gz"

[tools.node."platforms.windows-x64"]
checksum = "sha256:371071a4f7e2c8a5dd280730049c685911feecc59f50ebc488d675dc1087c69c"
url = "https://nodejs.org/dist/v26.2.0/node-v26.2.0-win-x64.zip"

[[tools."npm:markdownlint-cli"]]
version = "0.49.1"
backend = "npm:markdownlint-cli"

[[tools."npm:markdownlint-cli2"]]
version = "0.23.1"
backend = "npm:markdownlint-cli2"

[[tools."npm:sort-package-json"]]
version = "4.0.0"
backend = "npm:sort-package-json"

[[tools."pipx:sqlfluff"]]
version = "4.2.2"
backend = "pipx:sqlfluff"

[[tools.pnpm]]
version = "11.10.0"
backend = "aqua:pnpm/pnpm"

[tools.pnpm."platforms.linux-arm64"]
checksum = "sha256:7da014033800db506095d8d5eb15c4b1df7aa9cc6a4992634e4d59c3985e720b"
url = "https://github.com/pnpm/pnpm/releases/download/v11.10.0/pnpm-linux-arm64.tar.gz"
provenance = "github-attestations"

[tools.pnpm."platforms.linux-arm64-musl"]
checksum = "sha256:f3ff9b9041616c627d8b86b395d932fe703e6066e6e47c133fa525dfb5f39cc4"
url = "https://github.com/pnpm/pnpm/releases/download/v11.10.0/pnpm-linux-arm64-musl.tar.gz"
provenance = "github-attestations"

[tools.pnpm."platforms.linux-x64"]
checksum = "sha256:cf22c9f1ba90f67c9a5cfb1cbe9c2087cf4c3a5c409dad738c1f8a38b8137666"
url = "https://github.com/pnpm/pnpm/releases/download/v11.10.0/pnpm-linux-x64.tar.gz"
provenance = "github-attestations"

[tools.pnpm."platforms.linux-x64-musl"]
checksum = "sha256:ce68f57e8479d69aca120ab6dedf21a1560a885fcf3e9e5ef3333a08fd6ef6e9"
url = "https://github.com/pnpm/pnpm/releases/download/v11.10.0/pnpm-linux-x64-musl.tar.gz"
provenance = "github-attestations"

[tools.pnpm."platforms.macos-arm64"]
checksum = "sha256:d0d8a55b47dbe07a80d13fec7ee5af9bdca36187e61f9562d72d81dd637178c4"
url = "https://github.com/pnpm/pnpm/releases/download/v11.10.0/pnpm-darwin-arm64.tar.gz"
provenance = "github-attestations"

[tools.pnpm."platforms.windows-x64"]
checksum = "sha256:bb25e88285354cd2510a481859e5695b68f5def16f22e4ffb7aa76a87af4f700"
url = "https://github.com/pnpm/pnpm/releases/download/v11.10.0/pnpm-win32-x64.zip"
provenance = "github-attestations"

[[tools.rust]]
version = "1.97.1"
backend = "core:rust"

[[tools.taplo]]
version = "0.10.0"
backend = "aqua:tamasfe/taplo"

[tools.taplo."platforms.linux-arm64"]
url = "https://github.com/tamasfe/taplo/releases/download/0.10.0/taplo-linux-aarch64.gz"

[tools.taplo."platforms.linux-arm64-musl"]
url = "https://github.com/tamasfe/taplo/releases/download/0.10.0/taplo-linux-aarch64.gz"

[tools.taplo."platforms.linux-x64"]
url = "https://github.com/tamasfe/taplo/releases/download/0.10.0/taplo-linux-x86_64.gz"

[tools.taplo."platforms.linux-x64-musl"]
url = "https://github.com/tamasfe/taplo/releases/download/0.10.0/taplo-linux-x86_64.gz"

[tools.taplo."platforms.macos-arm64"]
checksum = "blake3:353ecb1ed7d279dec5e2fd388d292ef97db08a651405fa664ffec1b2896c05f0"
url = "https://github.com/tamasfe/taplo/releases/download/0.10.0/taplo-darwin-aarch64.gz"

[tools.taplo."platforms.macos-x64"]
url = "https://github.com/tamasfe/taplo/releases/download/0.10.0/taplo-darwin-x86_64.gz"

[tools.taplo."platforms.windows-x64"]
url = "https://github.com/tamasfe/taplo/releases/download/0.10.0/taplo-windows-x86_64.zip"

[[tools.yamllint]]
version = "1.38.0"
backend = "pipx:yamllint"
